
Microsoft Visual Studio Solution File, Format Version 12.00
# Visual Studio Version 17
VisualStudioVersion = 17.14.36915.13 d17.14
MinimumVisualStudioVersion = 10.0.40219.1
Project("{FAE04EC0-301F-11D3-BF4B-00C04F79EFBC}") = "OrnekDevExtremeProjesi2", "OrnekDevExtremeProjesi2\OrnekDevExtremeProjesi2.csproj", "{8F7C396A-0877-4C4C-B671-F27944BF94FD}"
EndProject
Global
	GlobalSection(SolutionConfigurationPlatforms) = preSolution
		Debug|Any CPU = Debug|Any CPU
		Release|Any CPU = Release|Any CPU
	EndGlobalSection
	GlobalSection(ProjectConfigurationPlatforms) = postSolution
		{8F7C396A-0877-4C4C-B671-F27944BF94FD}.Debug|Any CPU.ActiveCfg = Debug|Any CPU
		{8F7C396A-0877-4C4C-B671-F27944BF94FD}.Debug|Any CPU.Build.0 = Debug|Any CPU
		{8F7C396A-0877-4C4C-B671-F27944BF94FD}.Release|Any CPU.ActiveCfg = Release|Any CPU
		{8F7C396A-0877-4C4C-B671-F27944BF94FD}.Release|Any CPU.Build.0 = Release|Any CPU
	EndGlobalSection
	GlobalSection(SolutionProperties) = preSolution
		HideSolutionNode = FALSE
	EndGlobalSection
	GlobalSection(ExtensibilityGlobals) = postSolution
		SolutionGuid = {84481D3F-11EB-4E02-9B8D-41F4681412D5}
	EndGlobalSection
EndGlobal
